// !$*UTF8*$!
{
	archiveVersion = 1;
	classes = {
	};
	objectVersion = 48;
	objects = {

/* Begin PBXBuildFile section */
		65C202321F76709300484F08 /* AppDelegate.swift in Sources */ = {isa = PBXBuildFile; fileRef = 65C202311F76709300484F08 /* AppDelegate.swift */; };
		65C202341F76709300484F08 /* ViewController.swift in Sources */ = {isa = PBXBuildFile; fileRef = 65C202331F76709300484F08 /* ViewController.swift */; };
		65C202361F76709300484F08 /* Assets.xcassets in Resources */ = {isa = PBXBuildFile; fileRef = 65C202351F76709300484F08 /* Assets.xcassets */; };
		65C202391F76709300484F08 /* Main.storyboard in Resources */ = {isa = PBXBuildFile; fileRef = 65C202371F76709300484F08 /* Main.storyboard */; };
		65C202481F76711B00484F08 /* Cocoa.framework in Frameworks */ = {isa = PBXBuildFile; fileRef = 65C202471F76711B00484F08 /* Cocoa.framework */; };
		65C2024B1F76711C00484F08 /* SafariExtensionHandler.swift in Sources */ = {isa = PBXBuildFile; fileRef = 65C2024A1F76711C00484F08 /* SafariExtensionHandler.swift */; };
		65C2024D1F76711C00484F08 /* SafariExtensionViewController.swift in Sources */ = {isa = PBXBuildFile; fileRef = 65C2024C1F76711C00484F08 /* SafariExtensionViewController.swift */; };
		65C202501F76711C00484F08 /* SafariExtensionViewController.xib in Resources */ = {isa = PBXBuildFile; fileRef = 65C2024E1F76711C00484F08 /* SafariExtensionViewController.xib */; };
		65C202531F76711C00484F08 /* script.js in Resources */ = {isa = PBXBuildFile; fileRef = 65C202521F76711C00484F08 /* script.js */; };
		65C202551F76711C00484F08 /* ToolbarItemIcon.pdf in Resources */ = {isa = PBXBuildFile; fileRef = 65C202541F76711C00484F08 /* ToolbarItemIcon.pdf */; };
		65C202591F76711C00484F08 /* ECronTab.appex in Embed App Extensions */ = {isa = PBXBuildFile; fileRef = 65C202451F76711B00484F08 /* ECronTab.appex */; settings = {ATTRIBUTES = (RemoveHeadersOnCopy, ); }; };
/* End PBXBuildFile section */

/* Begin PBXContainerItemProxy section */
		65C202571F76711C00484F08 /* PBXContainerItemProxy */ = {
			isa = PBXContainerItemProxy;
			containerPortal = 65C202261F76709300484F08 /* Project object */;
			proxyType = 1;
			remoteGlobalIDString = 65C202441F76711B00484F08;
			remoteInfo = ECronTab;
		};
/* End PBXContainerItemProxy section */

/* Begin PBXCopyFilesBuildPhase section */
		65C2025D1F76711C00484F08 /* Embed App Extensions */ = {
			isa = PBXCopyFilesBuildPhase;
			buildActionMask = 2147483647;
			dstPath = "";
			dstSubfolderSpec = 13;
			files = (
				65C202591F76711C00484F08 /* ECronTab.appex in Embed App Extensions */,
			);
			name = "Embed App Extensions";
			runOnlyForDeploymentPostprocessing = 0;
		};
/* End PBXCopyFilesBuildPhase section */

/* Begin PBXFileReference section */
		65C2022E1F76709300484F08 /* CronTab.app */ = {isa = PBXFileReference; explicitFileType = wrapper.application; includeInIndex = 0; path = CronTab.app; sourceTree = BUILT_PRODUCTS_DIR; };
		65C202311F76709300484F08 /* AppDelegate.swift */ = {isa = PBXFileReference; lastKnownFileType = sourcecode.swift; path = AppDelegate.swift; sourceTree = "<group>"; };
		65C202331F76709300484F08 /* ViewController.swift */ = {isa = PBXFileReference; lastKnownFileType = sourcecode.swift; path = ViewController.swift; sourceTree = "<group>"; };
		65C202351F76709300484F08 /* Assets.xcassets */ = {isa = PBXFileReference; lastKnownFileType = folder.assetcatalog; path = Assets.xcassets; sourceTree = "<group>"; };
		65C202381F76709300484F08 /* Base */ = {isa = PBXFileReference; lastKnownFileType = file.storyboard; name = Base; path = Base.lproj/Main.storyboard; sourceTree = "<group>"; };
		65C2023A1F76709300484F08 /* Info.plist */ = {isa = PBXFileReference; lastKnownFileType = text.plist.xml; path = Info.plist; sourceTree = "<group>"; };
		65C2023B1F76709300484F08 /* CronTab.entitlements */ = {isa = PBXFileReference; lastKnownFileType = text.plist.entitlements; path = CronTab.entitlements; sourceTree = "<group>"; };
		65C202451F76711B00484F08 /* ECronTab.appex */ = {isa = PBXFileReference; explicitFileType = "wrapper.app-extension"; includeInIndex = 0; path = ECronTab.appex; sourceTree = BUILT_PRODUCTS_DIR; };
		65C202471F76711B00484F08 /* Cocoa.framework */ = {isa = PBXFileReference; lastKnownFileType = wrapper.framework; name = Cocoa.framework; path = System/Library/Frameworks/Cocoa.framework; sourceTree = SDKROOT; };
		65C2024A1F76711C00484F08 /* SafariExtensionHandler.swift */ = {isa = PBXFileReference; lastKnownFileType = sourcecode.swift; path = SafariExtensionHandler.swift; sourceTree = "<group>"; };
		65C2024C1F76711C00484F08 /* SafariExtensionViewController.swift */ = {isa = PBXFileReference; lastKnownFileType = sourcecode.swift; path = SafariExtensionViewController.swift; sourceTree = "<group>"; };
		65C2024F1F76711C00484F08 /* Base */ = {isa = PBXFileReference; lastKnownFileType = file.xib; name = Base; path = Base.lproj/SafariExtensionViewController.xib; sourceTree = "<group>"; };
		65C202511F76711C00484F08 /* Info.plist */ = {isa = PBXFileReference; lastKnownFileType = text.plist.xml; path = Info.plist; sourceTree = "<group>"; };
		65C202521F76711C00484F08 /* script.js */ = {isa = PBXFileReference; lastKnownFileType = sourcecode.javascript; path = script.js; sourceTree = "<group>"; };
		65C202541F76711C00484F08 /* ToolbarItemIcon.pdf */ = {isa = PBXFileReference; lastKnownFileType = image.pdf; path = ToolbarItemIcon.pdf; sourceTree = "<group>"; };
		65C202561F76711C00484F08 /* ECronTab.entitlements */ = {isa = PBXFileReference; lastKnownFileType = text.plist.entitlements; path = ECronTab.entitlements; sourceTree = "<group>"; };
/* End PBXFileReference section */

/* Begin PBXFrameworksBuildPhase section */
		65C2022B1F76709300484F08 /* Frameworks */ = {
			isa = PBXFrameworksBuildPhase;
			buildActionMask = 2147483647;
			files = (
			);
			runOnlyForDeploymentPostprocessing = 0;
		};
		65C202421F76711B00484F08 /* Frameworks */ = {
			isa = PBXFrameworksBuildPhase;
			buildActionMask = 2147483647;
			files = (
				65C202481F76711B00484F08 /* Cocoa.framework in Frameworks */,
			);
			runOnlyForDeploymentPostprocessing = 0;
		};
/* End PBXFrameworksBuildPhase section */

/* Begin PBXGroup section */
		65C202251F76709300484F08 = {
			isa = PBXGroup;
			children = (
				65C202301F76709300484F08 /* CronTab */,
				65C202491F76711B00484F08 /* ECronTab */,
				65C202461F76711B00484F08 /* Frameworks */,
				65C2022F1F76709300484F08 /* Products */,
			);
			sourceTree = "<group>";
		};
		65C2022F1F76709300484F08 /* Products */ = {
			isa = PBXGroup;
			children = (
				65C2022E1F76709300484F08 /* CronTab.app */,
				65C202451F76711B00484F08 /* ECronTab.appex */,
			);
			name = Products;
			sourceTree = "<group>";
		};
		65C202301F76709300484F08 /* CronTab */ = {
			isa = PBXGroup;
			children = (
				65C202311F76709300484F08 /* AppDelegate.swift */,
				65C202331F76709300484F08 /* ViewController.swift */,
				65C202351F76709300484F08 /* Assets.xcassets */,
				65C202371F76709300484F08 /* Main.storyboard */,
				65C2023A1F76709300484F08 /* Info.plist */,
				65C2023B1F76709300484F08 /* CronTab.entitlements */,
			);
			path = CronTab;
			sourceTree = "<group>";
		};
		65C202461F76711B00484F08 /* Frameworks */ = {
			isa = PBXGroup;
			children = (
				65C202471F76711B00484F08 /* Cocoa.framework */,
			);
			name = Frameworks;
			sourceTree = "<group>";
		};
		65C202491F76711B00484F08 /* ECronTab */ = {
			isa = PBXGroup;
			children = (
				65C2024A1F76711C00484F08 /* SafariExtensionHandler.swift */,
				65C2024C1F76711C00484F08 /* SafariExtensionViewController.swift */,
				65C2024E1F76711C00484F08 /* SafariExtensionViewController.xib */,
				65C202511F76711C00484F08 /* Info.plist */,
				65C202521F76711C00484F08 /* script.js */,
				65C202541F76711C00484F08 /* ToolbarItemIcon.pdf */,
				65C202561F76711C00484F08 /* ECronTab.entitlements */,
			);
			path = ECronTab;
			sourceTree = "<group>";
		};
/* End PBXGroup section */

/* Begin PBXNativeTarget section */
		65C2022D1F76709300484F08 /* CronTab */ = {
			isa = PBXNativeTarget;
			buildConfigurationList = 65C2023E1F76709300484F08 /* Build configuration list for PBXNativeTarget "CronTab" */;
			buildPhases = (
				65C2022A1F76709300484F08 /* Sources */,
				65C2022B1F76709300484F08 /* Frameworks */,
				65C2022C1F76709300484F08 /* Resources */,
				65C2025D1F76711C00484F08 /* Embed App Extensions */,
			);
			buildRules = (
			);
			dependencies = (
				65C202581F76711C00484F08 /* PBXTargetDependency */,
			);
			name = CronTab;
			productName = CronTab;
			productReference = 65C2022E1F76709300484F08 /* CronTab.app */;
			productType = "com.apple.product-type.application";
		};
		65C202441F76711B00484F08 /* ECronTab */ = {
			isa = PBXNativeTarget;
			buildConfigurationList = 65C2025A1F76711C00484F08 /* Build configuration list for PBXNativeTarget "ECronTab" */;
			buildPhases = (
				65C202411F76711B00484F08 /* Sources */,
				65C202421F76711B00484F08 /* Frameworks */,
				65C202431F76711B00484F08 /* Resources */,
			);
			buildRules = (
			);
			dependencies = (
			);
			name = ECronTab;
			productName = ECronTab;
			productReference = 65C202451F76711B00484F08 /* ECronTab.appex */;
			productType = "com.apple.product-type.app-extension";
		};
/* End PBXNativeTarget section */

/* Begin PBXProject section */
		65C202261F76709300484F08 /* Project object */ = {
			isa = PBXProject;
			attributes = {
				LastSwiftUpdateCheck = 0900;
				LastUpgradeCheck = 0900;
				ORGANIZATIONNAME = ferryfair;
				TargetAttributes = {
					65C2022D1F76709300484F08 = {
						CreatedOnToolsVersion = 9.0;
						ProvisioningStyle = Automatic;
					};
					65C202441F76711B00484F08 = {
						CreatedOnToolsVersion = 9.0;
						ProvisioningStyle = Automatic;
					};
				};
			};
			buildConfigurationList = 65C202291F76709300484F08 /* Build configuration list for PBXProject "CronTab" */;
			compatibilityVersion = "Xcode 8.0";
			developmentRegion = en;
			hasScannedForEncodings = 0;
			knownRegions = (
				en,
				Base,
			);
			mainGroup = 65C202251F76709300484F08;
			productRefGroup = 65C2022F1F76709300484F08 /* Products */;
			projectDirPath = "";
			projectRoot = "";
			targets = (
				65C2022D1F76709300484F08 /* CronTab */,
				65C202441F76711B00484F08 /* ECronTab */,
			);
		};
/* End PBXProject section */

/* Begin PBXResourcesBuildPhase section */
		65C2022C1F76709300484F08 /* Resources */ = {
			isa = PBXResourcesBuildPhase;
			buildActionMask = 2147483647;
			files = (
				65C202361F76709300484F08 /* Assets.xcassets in Resources */,
				65C202391F76709300484F08 /* Main.storyboard in Resources */,
			);
			runOnlyForDeploymentPostprocessing = 0;
		};
		65C202431F76711B00484F08 /* Resources */ = {
			isa = PBXResourcesBuildPhase;
			buildActionMask = 2147483647;
			files = (
				65C202551F76711C00484F08 /* ToolbarItemIcon.pdf in Resources */,
				65C202501F76711C00484F08 /* SafariExtensionViewController.xib in Resources */,
				65C202531F76711C00484F08 /* script.js in Resources */,
			);
			runOnlyForDeploymentPostprocessing = 0;
		};
/* End PBXResourcesBuildPhase section */

/* Begin PBXSourcesBuildPhase section */
		65C2022A1F76709300484F08 /* Sources */ = {
			isa = PBXSourcesBuildPhase;
			buildActionMask = 2147483647;
			files = (
				65C202341F76709300484F08 /* ViewController.swift in Sources */,
				65C202321F76709300484F08 /* AppDelegate.swift in Sources */,
			);
			runOnlyForDeploymentPostprocessing = 0;
		};
		65C202411F76711B00484F08 /* Sources */ = {
			isa = PBXSourcesBuildPhase;
			buildActionMask = 2147483647;
			files = (
				65C2024D1F76711C00484F08 /* SafariExtensionViewController.swift in Sources */,
				65C2024B1F76711C00484F08 /* SafariExtensionHandler.swift in Sources */,
			);
			runOnlyForDeploymentPostprocessing = 0;
		};
/* End PBXSourcesBuildPhase section */

/* Begin PBXTargetDependency section */
		65C202581F76711C00484F08 /* PBXTargetDependency */ = {
			isa = PBXTargetDependency;
			target = 65C202441F76711B00484F08 /* ECronTab */;
			targetProxy = 65C202571F76711C00484F08 /* PBXContainerItemProxy */;
		};
/* End PBXTargetDependency section */

/* Begin PBXVariantGroup section */
		65C202371F76709300484F08 /* Main.storyboard */ = {
			isa = PBXVariantGroup;
			children = (
				65C202381F76709300484F08 /* Base */,
			);
			name = Main.storyboard;
			sourceTree = "<group>";
		};
		65C2024E1F76711C00484F08 /* SafariExtensionViewController.xib */ = {
			isa = PBXVariantGroup;
			children = (
				65C2024F1F76711C00484F08 /* Base */,
			);
			name = SafariExtensionViewController.xib;
			sourceTree = "<group>";
		};
/* End PBXVariantGroup section */

/* Begin XCBuildConfiguration section */
		65C2023C1F76709300484F08 /* Debug */ = {
			isa = XCBuildConfiguration;
			buildSettings = {
				ALWAYS_SEARCH_USER_PATHS = NO;
				CLANG_ANALYZER_NONNULL = YES;
				CLANG_ANALYZER_NUMBER_OBJECT_CONVERSION = YES_AGGRESSIVE;
				CLANG_CXX_LANGUAGE_STANDARD = "gnu++14";
				CLANG_CXX_LIBRARY = "libc++";
				CLANG_ENABLE_MODULES = YES;
				CLANG_ENABLE_OBJC_ARC = YES;
				CLANG_WARN_BLOCK_CAPTURE_AUTORELEASING = YES;
				CLANG_WARN_BOOL_CONVERSION = YES;
				CLANG_WARN_COMMA = YES;
				CLANG_WARN_CONSTANT_CONVERSION = YES;
				CLANG_WARN_DIRECT_OBJC_ISA_USAGE = YES_ERROR;
				CLANG_WARN_DOCUMENTATION_COMMENTS = YES;
				CLANG_WARN_EMPTY_BODY = YES;
				CLANG_WARN_ENUM_CONVERSION = YES;
				CLANG_WARN_INFINITE_RECURSION = YES;
				CLANG_WARN_INT_CONVERSION = YES;
				CLANG_WARN_NON_LITERAL_NULL_CONVERSION = YES;
				CLANG_WARN_OBJC_LITERAL_CONVERSION = YES;
				CLANG_WARN_OBJC_ROOT_CLASS = YES_ERROR;
				CLANG_WARN_RANGE_LOOP_ANALYSIS = YES;
				CLANG_WARN_STRICT_PROTOTYPES = YES;
				CLANG_WARN_SUSPICIOUS_MOVE = YES;
				CLANG_WARN_UNGUARDED_AVAILABILITY = YES_AGGRESSIVE;
				CLANG_WARN_UNREACHABLE_CODE = YES;
				CLANG_WARN__DUPLICATE_METHOD_MATCH = YES;
				CODE_SIGN_IDENTITY = "Mac Developer";
				COPY_PHASE_STRIP = NO;
				DEBUG_INFORMATION_FORMAT = dwarf;
				ENABLE_STRICT_OBJC_MSGSEND = YES;
				ENABLE_TESTABILITY = YES;
				GCC_C_LANGUAGE_STANDARD = gnu11;
				GCC_DYNAMIC_NO_PIC = NO;
				GCC_NO_COMMON_BLOCKS = YES;
				GCC_OPTIMIZATION_LEVEL = 0;
				GCC_PREPROCESSOR_DEFINITIONS = (
					"DEBUG=1",
					"$(inherited)",
				);
				GCC_WARN_64_TO_32_BIT_CONVERSION = YES;
				GCC_WARN_ABOUT_RETURN_TYPE = YES_ERROR;
				GCC_WARN_UNDECLARED_SELECTOR = YES;
				GCC_WARN_UNINITIALIZED_AUTOS = YES_AGGRESSIVE;
				GCC_WARN_UNUSED_FUNCTION = YES;
				GCC_WARN_UNUSED_VARIABLE = YES;
				MACOSX_DEPLOYMENT_TARGET = 10.13;
				MTL_ENABLE_DEBUG_INFO = YES;
				ONLY_ACTIVE_ARCH = YES;
				SDKROOT = macosx;
				SWIFT_ACTIVE_COMPILATION_CONDITIONS = DEBUG;
				SWIFT_OPTIMIZATION_LEVEL = "-Onone";
			};
			name = Debug;
		};
		65C2023D1F76709300484F08 /* Release */ = {
			isa = XCBuildConfiguration;
			buildSettings = {
				ALWAYS_SEARCH_USER_PATHS = NO;
				CLANG_ANALYZER_NONNULL = YES;
				CLANG_ANALYZER_NUMBER_OBJECT_CONVERSION = YES_AGGRESSIVE;
				CLANG_CXX_LANGUAGE_STANDARD = "gnu++14";
				CLANG_CXX_LIBRARY = "libc++";
				CLANG_ENABLE_MODULES = YES;
				CLANG_ENABLE_OBJC_ARC = YES;
				CLANG_WARN_BLOCK_CAPTURE_AUTORELEASING = YES;
				CLANG_WARN_BOOL_CONVERSION = YES;
				CLANG_WARN_COMMA = YES;
				CLANG_WARN_CONSTANT_CONVERSION = YES;
				CLANG_WARN_DIRECT_OBJC_ISA_USAGE = YES_ERROR;
				CLANG_WARN_DOCUMENTATION_COMMENTS = YES;
				CLANG_WARN_EMPTY_BODY = YES;
				CLANG_WARN_ENUM_CONVERSION = YES;
				CLANG_WARN_INFINITE_RECURSION = YES;
				CLANG_WARN_INT_CONVERSION = YES;
				CLANG_WARN_NON_LITERAL_NULL_CONVERSION = YES;
				CLANG_WARN_OBJC_LITERAL_CONVERSION = YES;
				CLANG_WARN_OBJC_ROOT_CLASS = YES_ERROR;
				CLANG_WARN_RANGE_LOOP_ANALYSIS = YES;
				CLANG_WARN_STRICT_PROTOTYPES = YES;
				CLANG_WARN_SUSPICIOUS_MOVE = YES;
				CLANG_WARN_UNGUARDED_AVAILABILITY = YES_AGGRESSIVE;
				CLANG_WARN_UNREACHABLE_CODE = YES;
				CLANG_WARN__DUPLICATE_METHOD_MATCH = YES;
				CODE_SIGN_IDENTITY = "Mac Developer";
				COPY_PHASE_STRIP = NO;
				DEBUG_INFORMATION_FORMAT = "dwarf-with-dsym";
				ENABLE_NS_ASSERTIONS = NO;
				ENABLE_STRICT_OBJC_MSGSEND = YES;
				GCC_C_LANGUAGE_STANDARD = gnu11;
				GCC_NO_COMMON_BLOCKS = YES;
				GCC_WARN_64_TO_32_BIT_CONVERSION = YES;
				GCC_WARN_ABOUT_RETURN_TYPE = YES_ERROR;
				GCC_WARN_UNDECLARED_SELECTOR = YES;
				GCC_WARN_UNINITIALIZED_AUTOS = YES_AGGRESSIVE;
				GCC_WARN_UNUSED_FUNCTION = YES;
				GCC_WARN_UNUSED_VARIABLE = YES;
				MACOSX_DEPLOYMENT_TARGET = 10.13;
				MTL_ENABLE_DEBUG_INFO = NO;
				SDKROOT = macosx;
				SWIFT_OPTIMIZATION_LEVEL = "-Owholemodule";
			};
			name = Release;
		};
		65C2023F1F76709300484F08 /* Debug */ = {
			isa = XCBuildConfiguration;
			buildSettings = {
				ALWAYS_EMBED_SWIFT_STANDARD_LIBRARIES = YES;
				ASSETCATALOG_COMPILER_APPICON_NAME = AppIcon;
				CODE_SIGN_ENTITLEMENTS = CronTab/CronTab.entitlements;
				CODE_SIGN_STYLE = Automatic;
				COMBINE_HIDPI_IMAGES = YES;
				DEVELOPMENT_TEAM = 92458GN43Z;
				INFOPLIST_FILE = CronTab/Info.plist;
				LD_RUNPATH_SEARCH_PATHS = "$(inherited) @executable_path/../Frameworks";
				PRODUCT_BUNDLE_IDENTIFIER = com.ferryfair.CronTab;
				PRODUCT_NAME = "$(TARGET_NAME)";
				SWIFT_VERSION = 4.0;
			};
			name = Debug;
		};
		65C202401F76709300484F08 /* Release */ = {
			isa = XCBuildConfiguration;
			buildSettings = {
				ALWAYS_EMBED_SWIFT_STANDARD_LIBRARIES = YES;
				ASSETCATALOG_COMPILER_APPICON_NAME = AppIcon;
				CODE_SIGN_ENTITLEMENTS = CronTab/CronTab.entitlements;
				CODE_SIGN_STYLE = Automatic;
				COMBINE_HIDPI_IMAGES = YES;
				DEVELOPMENT_TEAM = 92458GN43Z;
				INFOPLIST_FILE = CronTab/Info.plist;
				LD_RUNPATH_SEARCH_PATHS = "$(inherited) @executable_path/../Frameworks";
				PRODUCT_BUNDLE_IDENTIFIER = com.ferryfair.CronTab;
				PRODUCT_NAME = "$(TARGET_NAME)";
				SWIFT_VERSION = 4.0;
			};
			name = Release;
		};
		65C2025B1F76711C00484F08 /* Debug */ = {
			isa = XCBuildConfiguration;
			buildSettings = {
				CODE_SIGN_ENTITLEMENTS = ECronTab/ECronTab.entitlements;
				CODE_SIGN_STYLE = Automatic;
				DEVELOPMENT_TEAM = 92458GN43Z;
				INFOPLIST_FILE = ECronTab/Info.plist;
				LD_RUNPATH_SEARCH_PATHS = "$(inherited) @executable_path/../Frameworks @executable_path/../../../../Frameworks";
				PRODUCT_BUNDLE_IDENTIFIER = com.ferryfair.CronTab.ECronTab;
				PRODUCT_NAME = "$(TARGET_NAME)";
				SKIP_INSTALL = YES;
				SWIFT_VERSION = 4.0;
			};
			name = Debug;
		};
		65C2025C1F76711C00484F08 /* Release */ = {
			isa = XCBuildConfiguration;
			buildSettings = {
				CODE_SIGN_ENTITLEMENTS = ECronTab/ECronTab.entitlements;
				CODE_SIGN_STYLE = Automatic;
				DEVELOPMENT_TEAM = 92458GN43Z;
				INFOPLIST_FILE = ECronTab/Info.plist;
				LD_RUNPATH_SEARCH_PATHS = "$(inherited) @executable_path/../Frameworks @executable_path/../../../../Frameworks";
				PRODUCT_BUNDLE_IDENTIFIER = com.ferryfair.CronTab.ECronTab;
				PRODUCT_NAME = "$(TARGET_NAME)";
				SKIP_INSTALL = YES;
				SWIFT_VERSION = 4.0;
			};
			name = Release;
		};
/* End XCBuildConfiguration section */

/* Begin XCConfigurationList section */
		65C202291F76709300484F08 /* Build configuration list for PBXProject "CronTab" */ = {
			isa = XCConfigurationList;
			buildConfigurations = (
				65C2023C1F76709300484F08 /* Debug */,
				65C2023D1F76709300484F08 /* Release */,
			);
			defaultConfigurationIsVisible = 0;
			defaultConfigurationName = Release;
		};
		65C2023E1F76709300484F08 /* Build configuration list for PBXNativeTarget "CronTab" */ = {
			isa = XCConfigurationList;
			buildConfigurations = (
				65C2023F1F76709300484F08 /* Debug */,
				65C202401F76709300484F08 /* Release */,
			);
			defaultConfigurationIsVisible = 0;
			defaultConfigurationName = Release;
		};
		65C2025A1F76711C00484F08 /* Build configuration list for PBXNativeTarget "ECronTab" */ = {
			isa = XCConfigurationList;
			buildConfigurations = (
				65C2025B1F76711C00484F08 /* Debug */,
				65C2025C1F76711C00484F08 /* Release */,
			);
			defaultConfigurationIsVisible = 0;
			defaultConfigurationName = Release;
		};
/* End XCConfigurationList section */
	};
	rootObject = 65C202261F76709300484F08 /* Project object */;
}
