// !$*UTF8*$!
{
	archiveVersion = 1;
	classes = {
	};
	objectVersion = 46;
	objects = {

/* Begin PBXFileReference section */
		65431D141E7BE9EF008E17DF /* img */ = {isa = PBXFileReference; lastKnownFileType = folder; path = img; sourceTree = "<group>"; };
		65431D151E7BE9EF008E17DF /* index.html */ = {isa = PBXFileReference; lastKnownFileType = text.html; path = index.html; sourceTree = "<group>"; };
		65431D161E7BE9EF008E17DF /* PaypalDonate.png */ = {isa = PBXFileReference; lastKnownFileType = image.png; path = PaypalDonate.png; sourceTree = "<group>"; };
		65431D171E7BE9EF008E17DF /* PaypalDonate.gif */ = {isa = PBXFileReference; lastKnownFileType = image.gif; path = PaypalDonate.gif; sourceTree = "<group>"; };
/* End PBXFileReference section */

/* Begin PBXGroup section */
		65431D0D1E7BE971008E17DF = {
			isa = PBXGroup;
			children = (
				65431D141E7BE9EF008E17DF /* img */,
				65431D151E7BE9EF008E17DF /* index.html */,
				65431D161E7BE9EF008E17DF /* PaypalDonate.png */,
				65431D171E7BE9EF008E17DF /* PaypalDonate.gif */,
			);
			sourceTree = "<group>";
		};
/* End PBXGroup section */

/* Begin PBXProject section */
		65431D0E1E7BE971008E17DF /* Project object */ = {
			isa = PBXProject;
			attributes = {
				LastUpgradeCheck = 0820;
			};
			buildConfigurationList = 65431D111E7BE971008E17DF /* Build configuration list for PBXProject "CronTab" */;
			compatibilityVersion = "Xcode 3.2";
			developmentRegion = English;
			hasScannedForEncodings = 0;
			knownRegions = (
				en,
			);
			mainGroup = 65431D0D1E7BE971008E17DF;
			projectDirPath = "";
			projectRoot = "";
			targets = (
			);
		};
/* End PBXProject section */

/* Begin XCBuildConfiguration section */
		65431D121E7BE971008E17DF /* Debug */ = {
			isa = XCBuildConfiguration;
			buildSettings = {
			};
			name = Debug;
		};
		65431D131E7BE971008E17DF /* Release */ = {
			isa = XCBuildConfiguration;
			buildSettings = {
			};
			name = Release;
		};
/* End XCBuildConfiguration section */

/* Begin XCConfigurationList section */
		65431D111E7BE971008E17DF /* Build configuration list for PBXProject "CronTab" */ = {
			isa = XCConfigurationList;
			buildConfigurations = (
				65431D121E7BE971008E17DF /* Debug */,
				65431D131E7BE971008E17DF /* Release */,
			);
			defaultConfigurationIsVisible = 0;
			defaultConfigurationName = Release;
		};
/* End XCConfigurationList section */
	};
	rootObject = 65431D0E1E7BE971008E17DF /* Project object */;
}
